// !$*UTF8*$!
{
	archiveVersion = 1;
	classes = {
	};
	objectVersion = 56;
	objects = {

/* Begin PBXBuildFile section */
		1365601E751A95673B4B9B9A /* Pods_Puzzle.framework in Frameworks */ = {isa = PBXBuildFile; fileRef = F2AF0DB09E2C1352E6FD83B1 /* Pods_Puzzle.framework */; };
		680A41CFBEFC8574F1F67CA8 /* Pods_Puzzle_PuzzleUITests.framework in Frameworks */ = {isa = PBXBuildFile; fileRef = 062C4769F54FA3E29A8A1A49 /* Pods_Puzzle_PuzzleUITests.framework */; };
		7A14A0F329AA3F9C00B16C15 /* AppDelegate.swift in Sources */ = {isa = PBXBuildFile; fileRef = 7A14A0F229AA3F9C00B16C15 /* AppDelegate.swift */; };
		7A14A0F529AA3F9C00B16C15 /* SceneDelegate.swift in Sources */ = {isa = PBXBuildFile; fileRef = 7A14A0F429AA3F9C00B16C15 /* SceneDelegate.swift */; };
		7A14A0F729AA3F9C00B16C15 /* MainViewController.swift in Sources */ = {isa = PBXBuildFile; fileRef = 7A14A0F629AA3F9C00B16C15 /* MainViewController.swift */; };
		7A14A0FC29AA3F9C00B16C15 /* Assets.xcassets in Resources */ = {isa = PBXBuildFile; fileRef = 7A14A0FB29AA3F9C00B16C15 /* Assets.xcassets */; };
		7A14A0FF29AA3F9C00B16C15 /* LaunchScreen.storyboard in Resources */ = {isa = PBXBuildFile; fileRef = 7A14A0FD29AA3F9C00B16C15 /* LaunchScreen.storyboard */; };
		7A14A10A29AA3F9C00B16C15 /* PuzzleTests.swift in Sources */ = {isa = PBXBuildFile; fileRef = 7A14A10929AA3F9C00B16C15 /* PuzzleTests.swift */; };
		7A14A11429AA3F9C00B16C15 /* PuzzleUITests.swift in Sources */ = {isa = PBXBuildFile; fileRef = 7A14A11329AA3F9C00B16C15 /* PuzzleUITests.swift */; };
		7A14A11629AA3F9C00B16C15 /* PuzzleUITestsLaunchTests.swift in Sources */ = {isa = PBXBuildFile; fileRef = 7A14A11529AA3F9C00B16C15 /* PuzzleUITestsLaunchTests.swift */; };
		7A3A1F8C29ABAFC5006FABAE /* Fonts.swift in Sources */ = {isa = PBXBuildFile; fileRef = 7A3A1F8B29ABAFC5006FABAE /* Fonts.swift */; };
		7A3A1F8E29ABB1FF006FABAE /* knewave.outline-regular.ttf in Resources */ = {isa = PBXBuildFile; fileRef = 7A3A1F8D29ABB1FF006FABAE /* knewave.outline-regular.ttf */; };
		7A3A1F9029ABB2CA006FABAE /* knewave.regular.ttf in Resources */ = {isa = PBXBuildFile; fileRef = 7A3A1F8F29ABB2CA006FABAE /* knewave.regular.ttf */; };
		7A4A74A029AB914100C6BC4B /* SettingsViewController.swift in Sources */ = {isa = PBXBuildFile; fileRef = 7A4A749F29AB914100C6BC4B /* SettingsViewController.swift */; };
		7A4A74A429ABA19500C6BC4B /* WinViewController.swift in Sources */ = {isa = PBXBuildFile; fileRef = 7A4A74A329ABA19500C6BC4B /* WinViewController.swift */; };
		7A4B47F629ABA1CC003A0FEA /* WinViewController.storyboard in Resources */ = {isa = PBXBuildFile; fileRef = 7A4B47F529ABA1CC003A0FEA /* WinViewController.storyboard */; };
		7A9AE81C29AA4355000A7A3A /* MenuViewController.swift in Sources */ = {isa = PBXBuildFile; fileRef = 7A9AE81B29AA4355000A7A3A /* MenuViewController.swift */; };
		7A9AE81F29AA501E000A7A3A /* MenuButtonsSettings.swift in Sources */ = {isa = PBXBuildFile; fileRef = 7A9AE81E29AA501E000A7A3A /* MenuButtonsSettings.swift */; };
		7A9AE82129AA54E3000A7A3A /* LevelsViewController.swift in Sources */ = {isa = PBXBuildFile; fileRef = 7A9AE82029AA54E3000A7A3A /* LevelsViewController.swift */; };
		7A9AE82529AA5BE4000A7A3A /* PlayCellItem.swift in Sources */ = {isa = PBXBuildFile; fileRef = 7A9AE82329AA5BE4000A7A3A /* PlayCellItem.swift */; };
		7A9AE82629AA5BE4000A7A3A /* PlayCellItem.xib in Resources */ = {isa = PBXBuildFile; fileRef = 7A9AE82429AA5BE4000A7A3A /* PlayCellItem.xib */; };
		7A9AE82929AA5FA8000A7A3A /* LevelData.swift in Sources */ = {isa = PBXBuildFile; fileRef = 7A9AE82829AA5FA8000A7A3A /* LevelData.swift */; };
		7A9AE82B29AA6089000A7A3A /* LevelsPresenter.swift in Sources */ = {isa = PBXBuildFile; fileRef = 7A9AE82A29AA6089000A7A3A /* LevelsPresenter.swift */; };
		7A9AE82F29AA69D9000A7A3A /* PlayViewController.swift in Sources */ = {isa = PBXBuildFile; fileRef = 7A9AE82E29AA69D9000A7A3A /* PlayViewController.swift */; };
		7A9AE83429AA6CE3000A7A3A /* PuzzleCell.swift in Sources */ = {isa = PBXBuildFile; fileRef = 7A9AE83229AA6CE3000A7A3A /* PuzzleCell.swift */; };
		7A9AE83529AA6CE3000A7A3A /* PuzzleCell.xib in Resources */ = {isa = PBXBuildFile; fileRef = 7A9AE83329AA6CE3000A7A3A /* PuzzleCell.xib */; };
		7AC06B7F29ABF33B00ABCA2C /* FailGameViewController.swift in Sources */ = {isa = PBXBuildFile; fileRef = 7AC06B7E29ABF33B00ABCA2C /* FailGameViewController.swift */; };
		7AC06B8129ABF35500ABCA2C /* FailGameViewController.storyboard in Resources */ = {isa = PBXBuildFile; fileRef = 7AC06B8029ABF35500ABCA2C /* FailGameViewController.storyboard */; };
		7AC06B8329ABFBCA00ABCA2C /* BackAndLivelTime.swift in Sources */ = {isa = PBXBuildFile; fileRef = 7AC06B8229ABFBCA00ABCA2C /* BackAndLivelTime.swift */; };
		FA23565EC91A52253BBBC91D /* Pods_PuzzleTests.framework in Frameworks */ = {isa = PBXBuildFile; fileRef = 735B5137C2BAB202EA7C42E4 /* Pods_PuzzleTests.framework */; };
/* End PBXBuildFile section */

/* Begin PBXContainerItemProxy section */
		7A14A10629AA3F9C00B16C15 /* PBXContainerItemProxy */ = {
			isa = PBXContainerItemProxy;
			containerPortal = 7A14A0E729AA3F9C00B16C15 /* Project object */;
			proxyType = 1;
			remoteGlobalIDString = 7A14A0EE29AA3F9C00B16C15;
			remoteInfo = Puzzle;
		};
		7A14A11029AA3F9C00B16C15 /* PBXContainerItemProxy */ = {
			isa = PBXContainerItemProxy;
			containerPortal = 7A14A0E729AA3F9C00B16C15 /* Project object */;
			proxyType = 1;
			remoteGlobalIDString = 7A14A0EE29AA3F9C00B16C15;
			remoteInfo = Puzzle;
		};
/* End PBXContainerItemProxy section */

/* Begin PBXFileReference section */
		062C4769F54FA3E29A8A1A49 /* Pods_Puzzle_PuzzleUITests.framework */ = {isa = PBXFileReference; explicitFileType = wrapper.framework; includeInIndex = 0; path = Pods_Puzzle_PuzzleUITests.framework; sourceTree = BUILT_PRODUCTS_DIR; };
		29CA11A05F3CFF548EA441FF /* Pods-Puzzle.debug.xcconfig */ = {isa = PBXFileReference; includeInIndex = 1; lastKnownFileType = text.xcconfig; name = "Pods-Puzzle.debug.xcconfig"; path = "Target Support Files/Pods-Puzzle/Pods-Puzzle.debug.xcconfig"; sourceTree = "<group>"; };
		3B44CD268BE4C43D26194646 /* Pods-PuzzleTests.debug.xcconfig */ = {isa = PBXFileReference; includeInIndex = 1; lastKnownFileType = text.xcconfig; name = "Pods-PuzzleTests.debug.xcconfig"; path = "Target Support Files/Pods-PuzzleTests/Pods-PuzzleTests.debug.xcconfig"; sourceTree = "<group>"; };
		44C008D87BE40FD3EC6688B6 /* Pods-Puzzle-PuzzleUITests.debug.xcconfig */ = {isa = PBXFileReference; includeInIndex = 1; lastKnownFileType = text.xcconfig; name = "Pods-Puzzle-PuzzleUITests.debug.xcconfig"; path = "Target Support Files/Pods-Puzzle-PuzzleUITests/Pods-Puzzle-PuzzleUITests.debug.xcconfig"; sourceTree = "<group>"; };
		735B5137C2BAB202EA7C42E4 /* Pods_PuzzleTests.framework */ = {isa = PBXFileReference; explicitFileType = wrapper.framework; includeInIndex = 0; path = Pods_PuzzleTests.framework; sourceTree = BUILT_PRODUCTS_DIR; };
		7A14A0EF29AA3F9C00B16C15 /* Puzzle.app */ = {isa = PBXFileReference; explicitFileType = wrapper.application; includeInIndex = 0; path = Puzzle.app; sourceTree = BUILT_PRODUCTS_DIR; };
		7A14A0F229AA3F9C00B16C15 /* AppDelegate.swift */ = {isa = PBXFileReference; lastKnownFileType = sourcecode.swift; path = AppDelegate.swift; sourceTree = "<group>"; };
		7A14A0F429AA3F9C00B16C15 /* SceneDelegate.swift */ = {isa = PBXFileReference; lastKnownFileType = sourcecode.swift; path = SceneDelegate.swift; sourceTree = "<group>"; };
		7A14A0F629AA3F9C00B16C15 /* MainViewController.swift */ = {isa = PBXFileReference; lastKnownFileType = sourcecode.swift; path = MainViewController.swift; sourceTree = "<group>"; };
		7A14A0FB29AA3F9C00B16C15 /* Assets.xcassets */ = {isa = PBXFileReference; lastKnownFileType = folder.assetcatalog; path = Assets.xcassets; sourceTree = "<group>"; };
		7A14A0FE29AA3F9C00B16C15 /* Base */ = {isa = PBXFileReference; lastKnownFileType = file.storyboard; name = Base; path = Base.lproj/LaunchScreen.storyboard; sourceTree = "<group>"; };
		7A14A10029AA3F9C00B16C15 /* Info.plist */ = {isa = PBXFileReference; lastKnownFileType = text.plist.xml; path = Info.plist; sourceTree = "<group>"; };
		7A14A10529AA3F9C00B16C15 /* PuzzleTests.xctest */ = {isa = PBXFileReference; explicitFileType = wrapper.cfbundle; includeInIndex = 0; path = PuzzleTests.xctest; sourceTree = BUILT_PRODUCTS_DIR; };
		7A14A10929AA3F9C00B16C15 /* PuzzleTests.swift */ = {isa = PBXFileReference; lastKnownFileType = sourcecode.swift; path = PuzzleTests.swift; sourceTree = "<group>"; };
		7A14A10F29AA3F9C00B16C15 /* PuzzleUITests.xctest */ = {isa = PBXFileReference; explicitFileType = wrapper.cfbundle; includeInIndex = 0; path = PuzzleUITests.xctest; sourceTree = BUILT_PRODUCTS_DIR; };
		7A14A11329AA3F9C00B16C15 /* PuzzleUITests.swift */ = {isa = PBXFileReference; lastKnownFileType = sourcecode.swift; path = PuzzleUITests.swift; sourceTree = "<group>"; };
		7A14A11529AA3F9C00B16C15 /* PuzzleUITestsLaunchTests.swift */ = {isa = PBXFileReference; lastKnownFileType = sourcecode.swift; path = PuzzleUITestsLaunchTests.swift; sourceTree = "<group>"; };
		7A3A1F8B29ABAFC5006FABAE /* Fonts.swift */ = {isa = PBXFileReference; lastKnownFileType = sourcecode.swift; path = Fonts.swift; sourceTree = "<group>"; };
		7A3A1F8D29ABB1FF006FABAE /* knewave.outline-regular.ttf */ = {isa = PBXFileReference; lastKnownFileType = file; path = "knewave.outline-regular.ttf"; sourceTree = "<group>"; };
		7A3A1F8F29ABB2CA006FABAE /* knewave.regular.ttf */ = {isa = PBXFileReference; lastKnownFileType = file; path = knewave.regular.ttf; sourceTree = "<group>"; };
		7A4A749F29AB914100C6BC4B /* SettingsViewController.swift */ = {isa = PBXFileReference; lastKnownFileType = sourcecode.swift; path = SettingsViewController.swift; sourceTree = "<group>"; };
		7A4A74A329ABA19500C6BC4B /* WinViewController.swift */ = {isa = PBXFileReference; lastKnownFileType = sourcecode.swift; path = WinViewController.swift; sourceTree = "<group>"; };
		7A4B47F529ABA1CC003A0FEA /* WinViewController.storyboard */ = {isa = PBXFileReference; lastKnownFileType = file.storyboard; name = WinViewController.storyboard; path = ../WinViewController.storyboard; sourceTree = "<group>"; };
		7A9AE81B29AA4355000A7A3A /* MenuViewController.swift */ = {isa = PBXFileReference; lastKnownFileType = sourcecode.swift; path = MenuViewController.swift; sourceTree = "<group>"; };
		7A9AE81E29AA501E000A7A3A /* MenuButtonsSettings.swift */ = {isa = PBXFileReference; lastKnownFileType = sourcecode.swift; path = MenuButtonsSettings.swift; sourceTree = "<group>"; };
		7A9AE82029AA54E3000A7A3A /* LevelsViewController.swift */ = {isa = PBXFileReference; lastKnownFileType = sourcecode.swift; path = LevelsViewController.swift; sourceTree = "<group>"; };
		7A9AE82329AA5BE4000A7A3A /* PlayCellItem.swift */ = {isa = PBXFileReference; lastKnownFileType = sourcecode.swift; path = PlayCellItem.swift; sourceTree = "<group>"; };
		7A9AE82429AA5BE4000A7A3A /* PlayCellItem.xib */ = {isa = PBXFileReference; lastKnownFileType = file.xib; path = PlayCellItem.xib; sourceTree = "<group>"; };
		7A9AE82829AA5FA8000A7A3A /* LevelData.swift */ = {isa = PBXFileReference; lastKnownFileType = sourcecode.swift; path = LevelData.swift; sourceTree = "<group>"; };
		7A9AE82A29AA6089000A7A3A /* LevelsPresenter.swift */ = {isa = PBXFileReference; lastKnownFileType = sourcecode.swift; path = LevelsPresenter.swift; sourceTree = "<group>"; };
		7A9AE82E29AA69D9000A7A3A /* PlayViewController.swift */ = {isa = PBXFileReference; lastKnownFileType = sourcecode.swift; path = PlayViewController.swift; sourceTree = "<group>"; };
		7A9AE83229AA6CE3000A7A3A /* PuzzleCell.swift */ = {isa = PBXFileReference; lastKnownFileType = sourcecode.swift; path = PuzzleCell.swift; sourceTree = "<group>"; };
		7A9AE83329AA6CE3000A7A3A /* PuzzleCell.xib */ = {isa = PBXFileReference; lastKnownFileType = file.xib; path = PuzzleCell.xib; sourceTree = "<group>"; };
		7AC06B7E29ABF33B00ABCA2C /* FailGameViewController.swift */ = {isa = PBXFileReference; lastKnownFileType = sourcecode.swift; path = FailGameViewController.swift; sourceTree = "<group>"; };
		7AC06B8029ABF35500ABCA2C /* FailGameViewController.storyboard */ = {isa = PBXFileReference; lastKnownFileType = file.storyboard; path = FailGameViewController.storyboard; sourceTree = "<group>"; };
		7AC06B8229ABFBCA00ABCA2C /* BackAndLivelTime.swift */ = {isa = PBXFileReference; lastKnownFileType = sourcecode.swift; path = BackAndLivelTime.swift; sourceTree = "<group>"; };
		9497D0BC992F1CDAF7E835C1 /* Pods-Puzzle.release.xcconfig */ = {isa = PBXFileReference; includeInIndex = 1; lastKnownFileType = text.xcconfig; name = "Pods-Puzzle.release.xcconfig"; path = "Target Support Files/Pods-Puzzle/Pods-Puzzle.release.xcconfig"; sourceTree = "<group>"; };
		C80F4E3C25D4130D5D80269C /* Pods-Puzzle-PuzzleUITests.release.xcconfig */ = {isa = PBXFileReference; includeInIndex = 1; lastKnownFileType = text.xcconfig; name = "Pods-Puzzle-PuzzleUITests.release.xcconfig"; path = "Target Support Files/Pods-Puzzle-PuzzleUITests/Pods-Puzzle-PuzzleUITests.release.xcconfig"; sourceTree = "<group>"; };
		D12E60080BE4554DB25B5461 /* Pods-PuzzleTests.release.xcconfig */ = {isa = PBXFileReference; includeInIndex = 1; lastKnownFileType = text.xcconfig; name = "Pods-PuzzleTests.release.xcconfig"; path = "Target Support Files/Pods-PuzzleTests/Pods-PuzzleTests.release.xcconfig"; sourceTree = "<group>"; };
		F2AF0DB09E2C1352E6FD83B1 /* Pods_Puzzle.framework */ = {isa = PBXFileReference; explicitFileType = wrapper.framework; includeInIndex = 0; path = Pods_Puzzle.framework; sourceTree = BUILT_PRODUCTS_DIR; };
/* End PBXFileReference section */

/* Begin PBXFrameworksBuildPhase section */
		7A14A0EC29AA3F9C00B16C15 /* Frameworks */ = {
			isa = PBXFrameworksBuildPhase;
			buildActionMask = 2147483647;
			files = (
				1365601E751A95673B4B9B9A /* Pods_Puzzle.framework in Frameworks */,
			);
			runOnlyForDeploymentPostprocessing = 0;
		};
		7A14A10229AA3F9C00B16C15 /* Frameworks */ = {
			isa = PBXFrameworksBuildPhase;
			buildActionMask = 2147483647;
			files = (
				FA23565EC91A52253BBBC91D /* Pods_PuzzleTests.framework in Frameworks */,
			);
			runOnlyForDeploymentPostprocessing = 0;
		};
		7A14A10C29AA3F9C00B16C15 /* Frameworks */ = {
			isa = PBXFrameworksBuildPhase;
			buildActionMask = 2147483647;
			files = (
				680A41CFBEFC8574F1F67CA8 /* Pods_Puzzle_PuzzleUITests.framework in Frameworks */,
			);
			runOnlyForDeploymentPostprocessing = 0;
		};
/* End PBXFrameworksBuildPhase section */

/* Begin PBXGroup section */
		7A14A0E629AA3F9C00B16C15 = {
			isa = PBXGroup;
			children = (
				7A14A0F129AA3F9C00B16C15 /* Puzzle */,
				7A14A10829AA3F9C00B16C15 /* PuzzleTests */,
				7A14A11229AA3F9C00B16C15 /* PuzzleUITests */,
				7A14A0F029AA3F9C00B16C15 /* Products */,
				989B880AE4BCDF417088CCDD /* Pods */,
				A1F99CA517394987B3FE8192 /* Frameworks */,
			);
			sourceTree = "<group>";
		};
		7A14A0F029AA3F9C00B16C15 /* Products */ = {
			isa = PBXGroup;
			children = (
				7A14A0EF29AA3F9C00B16C15 /* Puzzle.app */,
				7A14A10529AA3F9C00B16C15 /* PuzzleTests.xctest */,
				7A14A10F29AA3F9C00B16C15 /* PuzzleUITests.xctest */,
			);
			name = Products;
			sourceTree = "<group>";
		};
		7A14A0F129AA3F9C00B16C15 /* Puzzle */ = {
			isa = PBXGroup;
			children = (
				7A9AE82C29AA641B000A7A3A /* Models */,
				7A9AE81A29AA4337000A7A3A /* Modules */,
				7A14A0F229AA3F9C00B16C15 /* AppDelegate.swift */,
				7A14A0F429AA3F9C00B16C15 /* SceneDelegate.swift */,
				7A14A0FB29AA3F9C00B16C15 /* Assets.xcassets */,
				7A14A0FD29AA3F9C00B16C15 /* LaunchScreen.storyboard */,
				7A14A10029AA3F9C00B16C15 /* Info.plist */,
			);
			path = Puzzle;
			sourceTree = "<group>";
		};
		7A14A10829AA3F9C00B16C15 /* PuzzleTests */ = {
			isa = PBXGroup;
			children = (
				7A14A10929AA3F9C00B16C15 /* PuzzleTests.swift */,
			);
			path = PuzzleTests;
			sourceTree = "<group>";
		};
		7A14A11229AA3F9C00B16C15 /* PuzzleUITests */ = {
			isa = PBXGroup;
			children = (
				7A14A11329AA3F9C00B16C15 /* PuzzleUITests.swift */,
				7A14A11529AA3F9C00B16C15 /* PuzzleUITestsLaunchTests.swift */,
			);
			path = PuzzleUITests;
			sourceTree = "<group>";
		};
		7A3A1F8A29ABAF9B006FABAE /* Fonts */ = {
			isa = PBXGroup;
			children = (
				7A3A1F8D29ABB1FF006FABAE /* knewave.outline-regular.ttf */,
				7A3A1F8F29ABB2CA006FABAE /* knewave.regular.ttf */,
				7A3A1F8B29ABAFC5006FABAE /* Fonts.swift */,
			);
			path = Fonts;
			sourceTree = "<group>";
		};
		7A4A749E29AB913000C6BC4B /* Settings */ = {
			isa = PBXGroup;
			children = (
				7A4A749F29AB914100C6BC4B /* SettingsViewController.swift */,
			);
			path = Settings;
			sourceTree = "<group>";
		};
		7A4A74A729ABA1B600C6BC4B /* WinVC */ = {
			isa = PBXGroup;
			children = (
				7A4A74A329ABA19500C6BC4B /* WinViewController.swift */,
				7A4B47F529ABA1CC003A0FEA /* WinViewController.storyboard */,
			);
			path = WinVC;
			sourceTree = "<group>";
		};
		7A9AE81A29AA4337000A7A3A /* Modules */ = {
			isa = PBXGroup;
			children = (
				7A4A749E29AB913000C6BC4B /* Settings */,
				7A14A0F629AA3F9C00B16C15 /* MainViewController.swift */,
				7A9AE82D29AA69C2000A7A3A /* Play */,
				7A9AE81D29AA4359000A7A3A /* Menu */,
				7A9AE82229AA54E7000A7A3A /* Levels */,
			);
			path = Modules;
			sourceTree = "<group>";
		};
		7A9AE81D29AA4359000A7A3A /* Menu */ = {
			isa = PBXGroup;
			children = (
				7A9AE81B29AA4355000A7A3A /* MenuViewController.swift */,
				7A9AE81E29AA501E000A7A3A /* MenuButtonsSettings.swift */,
			);
			path = Menu;
			sourceTree = "<group>";
		};
		7A9AE82229AA54E7000A7A3A /* Levels */ = {
			isa = PBXGroup;
			children = (
				7A9AE82029AA54E3000A7A3A /* LevelsViewController.swift */,
				7A9AE82A29AA6089000A7A3A /* LevelsPresenter.swift */,
				7A9AE82729AA5BE9000A7A3A /* Cell */,
			);
			path = Levels;
			sourceTree = "<group>";
		};
		7A9AE82729AA5BE9000A7A3A /* Cell */ = {
			isa = PBXGroup;
			children = (
				7A9AE82329AA5BE4000A7A3A /* PlayCellItem.swift */,
				7A9AE82429AA5BE4000A7A3A /* PlayCellItem.xib */,
			);
			path = Cell;
			sourceTree = "<group>";
		};
		7A9AE82C29AA641B000A7A3A /* Models */ = {
			isa = PBXGroup;
			children = (
				7A3A1F8A29ABAF9B006FABAE /* Fonts */,
				7A9AE82829AA5FA8000A7A3A /* LevelData.swift */,
			);
			path = Models;
			sourceTree = "<group>";
		};
		7A9AE82D29AA69C2000A7A3A /* Play */ = {
			isa = PBXGroup;
			children = (
				7A9AE82E29AA69D9000A7A3A /* PlayViewController.swift */,
				7AC06B7D29ABF32B00ABCA2C /* FailureVC */,
				7A4A74A729ABA1B600C6BC4B /* WinVC */,
				7A9AE83629AA6CE8000A7A3A /* Puzzle */,
				7AC06B8229ABFBCA00ABCA2C /* BackAndLivelTime.swift */,
			);
			path = Play;
			sourceTree = "<group>";
		};
		7A9AE83629AA6CE8000A7A3A /* Puzzle */ = {
			isa = PBXGroup;
			children = (
				7A9AE83229AA6CE3000A7A3A /* PuzzleCell.swift */,
				7A9AE83329AA6CE3000A7A3A /* PuzzleCell.xib */,
			);
			path = Puzzle;
			sourceTree = "<group>";
		};
		7AC06B7D29ABF32B00ABCA2C /* FailureVC */ = {
			isa = PBXGroup;
			children = (
				7AC06B7E29ABF33B00ABCA2C /* FailGameViewController.swift */,
				7AC06B8029ABF35500ABCA2C /* FailGameViewController.storyboard */,
			);
			path = FailureVC;
			sourceTree = "<group>";
		};
		989B880AE4BCDF417088CCDD /* Pods */ = {
			isa = PBXGroup;
			children = (
				29CA11A05F3CFF548EA441FF /* Pods-Puzzle.debug.xcconfig */,
				9497D0BC992F1CDAF7E835C1 /* Pods-Puzzle.release.xcconfig */,
				44C008D87BE40FD3EC6688B6 /* Pods-Puzzle-PuzzleUITests.debug.xcconfig */,
				C80F4E3C25D4130D5D80269C /* Pods-Puzzle-PuzzleUITests.release.xcconfig */,
				3B44CD268BE4C43D26194646 /* Pods-PuzzleTests.debug.xcconfig */,
				D12E60080BE4554DB25B5461 /* Pods-PuzzleTests.release.xcconfig */,
			);
			path = Pods;
			sourceTree = "<group>";
		};
		A1F99CA517394987B3FE8192 /* Frameworks */ = {
			isa = PBXGroup;
			children = (
				F2AF0DB09E2C1352E6FD83B1 /* Pods_Puzzle.framework */,
				062C4769F54FA3E29A8A1A49 /* Pods_Puzzle_PuzzleUITests.framework */,
				735B5137C2BAB202EA7C42E4 /* Pods_PuzzleTests.framework */,
			);
			name = Frameworks;
			sourceTree = "<group>";
		};
/* End PBXGroup section */

/* Begin PBXNativeTarget section */
		7A14A0EE29AA3F9C00B16C15 /* Puzzle */ = {
			isa = PBXNativeTarget;
			buildConfigurationList = 7A14A11929AA3F9C00B16C15 /* Build configuration list for PBXNativeTarget "Puzzle" */;
			buildPhases = (
				C4C956DC35E01EF7C9F24F12 /* [CP] Check Pods Manifest.lock */,
				7A14A0EB29AA3F9C00B16C15 /* Sources */,
				7A14A0EC29AA3F9C00B16C15 /* Frameworks */,
				7A14A0ED29AA3F9C00B16C15 /* Resources */,
				24CB11D00B22ED261C676110 /* [CP] Embed Pods Frameworks */,
			);
			buildRules = (
			);
			dependencies = (
			);
			name = Puzzle;
			productName = Puzzle;
			productReference = 7A14A0EF29AA3F9C00B16C15 /* Puzzle.app */;
			productType = "com.apple.product-type.application";
		};
		7A14A10429AA3F9C00B16C15 /* PuzzleTests */ = {
			isa = PBXNativeTarget;
			buildConfigurationList = 7A14A11C29AA3F9C00B16C15 /* Build configuration list for PBXNativeTarget "PuzzleTests" */;
			buildPhases = (
				F154A1536A336A9356FBA3D9 /* [CP] Check Pods Manifest.lock */,
				7A14A10129AA3F9C00B16C15 /* Sources */,
				7A14A10229AA3F9C00B16C15 /* Frameworks */,
				7A14A10329AA3F9C00B16C15 /* Resources */,
			);
			buildRules = (
			);
			dependencies = (
				7A14A10729AA3F9C00B16C15 /* PBXTargetDependency */,
			);
			name = PuzzleTests;
			productName = PuzzleTests;
			productReference = 7A14A10529AA3F9C00B16C15 /* PuzzleTests.xctest */;
			productType = "com.apple.product-type.bundle.unit-test";
		};
		7A14A10E29AA3F9C00B16C15 /* PuzzleUITests */ = {
			isa = PBXNativeTarget;
			buildConfigurationList = 7A14A11F29AA3F9C00B16C15 /* Build configuration list for PBXNativeTarget "PuzzleUITests" */;
			buildPhases = (
				98CC40E84D8A2E08C7C6799E /* [CP] Check Pods Manifest.lock */,
				7A14A10B29AA3F9C00B16C15 /* Sources */,
				7A14A10C29AA3F9C00B16C15 /* Frameworks */,
				7A14A10D29AA3F9C00B16C15 /* Resources */,
				C547F3A0CAA9CC6254470ECE /* [CP] Embed Pods Frameworks */,
			);
			buildRules = (
			);
			dependencies = (
				7A14A11129AA3F9C00B16C15 /* PBXTargetDependency */,
			);
			name = PuzzleUITests;
			productName = PuzzleUITests;
			productReference = 7A14A10F29AA3F9C00B16C15 /* PuzzleUITests.xctest */;
			productType = "com.apple.product-type.bundle.ui-testing";
		};
/* End PBXNativeTarget section */

/* Begin PBXProject section */
		7A14A0E729AA3F9C00B16C15 /* Project object */ = {
			isa = PBXProject;
			attributes = {
				BuildIndependentTargetsInParallel = 1;
				LastSwiftUpdateCheck = 1420;
				LastUpgradeCheck = 1420;
				TargetAttributes = {
					7A14A0EE29AA3F9C00B16C15 = {
						CreatedOnToolsVersion = 14.2;
					};
					7A14A10429AA3F9C00B16C15 = {
						CreatedOnToolsVersion = 14.2;
						TestTargetID = 7A14A0EE29AA3F9C00B16C15;
					};
					7A14A10E29AA3F9C00B16C15 = {
						CreatedOnToolsVersion = 14.2;
						TestTargetID = 7A14A0EE29AA3F9C00B16C15;
					};
				};
			};
			buildConfigurationList = 7A14A0EA29AA3F9C00B16C15 /* Build configuration list for PBXProject "Puzzle" */;
			compatibilityVersion = "Xcode 14.0";
			developmentRegion = en;
			hasScannedForEncodings = 0;
			knownRegions = (
				en,
				Base,
			);
			mainGroup = 7A14A0E629AA3F9C00B16C15;
			productRefGroup = 7A14A0F029AA3F9C00B16C15 /* Products */;
			projectDirPath = "";
			projectRoot = "";
			targets = (
				7A14A0EE29AA3F9C00B16C15 /* Puzzle */,
				7A14A10429AA3F9C00B16C15 /* PuzzleTests */,
				7A14A10E29AA3F9C00B16C15 /* PuzzleUITests */,
			);
		};
/* End PBXProject section */

/* Begin PBXResourcesBuildPhase section */
		7A14A0ED29AA3F9C00B16C15 /* Resources */ = {
			isa = PBXResourcesBuildPhase;
			buildActionMask = 2147483647;
			files = (
				7A14A0FF29AA3F9C00B16C15 /* LaunchScreen.storyboard in Resources */,
				7A3A1F8E29ABB1FF006FABAE /* knewave.outline-regular.ttf in Resources */,
				7A4B47F629ABA1CC003A0FEA /* WinViewController.storyboard in Resources */,
				7A9AE83529AA6CE3000A7A3A /* PuzzleCell.xib in Resources */,
				7A3A1F9029ABB2CA006FABAE /* knewave.regular.ttf in Resources */,
				7A14A0FC29AA3F9C00B16C15 /* Assets.xcassets in Resources */,
				7A9AE82629AA5BE4000A7A3A /* PlayCellItem.xib in Resources */,
				7AC06B8129ABF35500ABCA2C /* FailGameViewController.storyboard in Resources */,
			);
			runOnlyForDeploymentPostprocessing = 0;
		};
		7A14A10329AA3F9C00B16C15 /* Resources */ = {
			isa = PBXResourcesBuildPhase;
			buildActionMask = 2147483647;
			files = (
			);
			runOnlyForDeploymentPostprocessing = 0;
		};
		7A14A10D29AA3F9C00B16C15 /* Resources */ = {
			isa = PBXResourcesBuildPhase;
			buildActionMask = 2147483647;
			files = (
			);
			runOnlyForDeploymentPostprocessing = 0;
		};
/* End PBXResourcesBuildPhase section */

/* Begin PBXShellScriptBuildPhase section */
		24CB11D00B22ED261C676110 /* [CP] Embed Pods Frameworks */ = {
			isa = PBXShellScriptBuildPhase;
			buildActionMask = 2147483647;
			files = (
			);
			inputFileListPaths = (
				"${PODS_ROOT}/Target Support Files/Pods-Puzzle/Pods-Puzzle-frameworks-${CONFIGURATION}-input-files.xcfilelist",
			);
			name = "[CP] Embed Pods Frameworks";
			outputFileListPaths = (
				"${PODS_ROOT}/Target Support Files/Pods-Puzzle/Pods-Puzzle-frameworks-${CONFIGURATION}-output-files.xcfilelist",
			);
			runOnlyForDeploymentPostprocessing = 0;
			shellPath = /bin/sh;
			shellScript = "\"${PODS_ROOT}/Target Support Files/Pods-Puzzle/Pods-Puzzle-frameworks.sh\"\n";
			showEnvVarsInLog = 0;
		};
		98CC40E84D8A2E08C7C6799E /* [CP] Check Pods Manifest.lock */ = {
			isa = PBXShellScriptBuildPhase;
			buildActionMask = 2147483647;
			files = (
			);
			inputFileListPaths = (
			);
			inputPaths = (
				"${PODS_PODFILE_DIR_PATH}/Podfile.lock",
				"${PODS_ROOT}/Manifest.lock",
			);
			name = "[CP] Check Pods Manifest.lock";
			outputFileListPaths = (
			);
			outputPaths = (
				"$(DERIVED_FILE_DIR)/Pods-Puzzle-PuzzleUITests-checkManifestLockResult.txt",
			);
			runOnlyForDeploymentPostprocessing = 0;
			shellPath = /bin/sh;
			shellScript = "diff \"${PODS_PODFILE_DIR_PATH}/Podfile.lock\" \"${PODS_ROOT}/Manifest.lock\" > /dev/null\nif [ $? != 0 ] ; then\n    # print error to STDERR\n    echo \"error: The sandbox is not in sync with the Podfile.lock. Run 'pod install' or update your CocoaPods installation.\" >&2\n    exit 1\nfi\n# This output is used by Xcode 'outputs' to avoid re-running this script phase.\necho \"SUCCESS\" > \"${SCRIPT_OUTPUT_FILE_0}\"\n";
			showEnvVarsInLog = 0;
		};
		C4C956DC35E01EF7C9F24F12 /* [CP] Check Pods Manifest.lock */ = {
			isa = PBXShellScriptBuildPhase;
			buildActionMask = 2147483647;
			files = (
			);
			inputFileListPaths = (
			);
			inputPaths = (
				"${PODS_PODFILE_DIR_PATH}/Podfile.lock",
				"${PODS_ROOT}/Manifest.lock",
			);
			name = "[CP] Check Pods Manifest.lock";
			outputFileListPaths = (
			);
			outputPaths = (
				"$(DERIVED_FILE_DIR)/Pods-Puzzle-checkManifestLockResult.txt",
			);
			runOnlyForDeploymentPostprocessing = 0;
			shellPath = /bin/sh;
			shellScript = "diff \"${PODS_PODFILE_DIR_PATH}/Podfile.lock\" \"${PODS_ROOT}/Manifest.lock\" > /dev/null\nif [ $? != 0 ] ; then\n    # print error to STDERR\n    echo \"error: The sandbox is not in sync with the Podfile.lock. Run 'pod install' or update your CocoaPods installation.\" >&2\n    exit 1\nfi\n# This output is used by Xcode 'outputs' to avoid re-running this script phase.\necho \"SUCCESS\" > \"${SCRIPT_OUTPUT_FILE_0}\"\n";
			showEnvVarsInLog = 0;
		};
		C547F3A0CAA9CC6254470ECE /* [CP] Embed Pods Frameworks */ = {
			isa = PBXShellScriptBuildPhase;
			buildActionMask = 2147483647;
			files = (
			);
			inputFileListPaths = (
				"${PODS_ROOT}/Target Support Files/Pods-Puzzle-PuzzleUITests/Pods-Puzzle-PuzzleUITests-frameworks-${CONFIGURATION}-input-files.xcfilelist",
			);
			name = "[CP] Embed Pods Frameworks";
			outputFileListPaths = (
				"${PODS_ROOT}/Target Support Files/Pods-Puzzle-PuzzleUITests/Pods-Puzzle-PuzzleUITests-frameworks-${CONFIGURATION}-output-files.xcfilelist",
			);
			runOnlyForDeploymentPostprocessing = 0;
			shellPath = /bin/sh;
			shellScript = "\"${PODS_ROOT}/Target Support Files/Pods-Puzzle-PuzzleUITests/Pods-Puzzle-PuzzleUITests-frameworks.sh\"\n";
			showEnvVarsInLog = 0;
		};
		F154A1536A336A9356FBA3D9 /* [CP] Check Pods Manifest.lock */ = {
			isa = PBXShellScriptBuildPhase;
			buildActionMask = 2147483647;
			files = (
			);
			inputFileListPaths = (
			);
			inputPaths = (
				"${PODS_PODFILE_DIR_PATH}/Podfile.lock",
				"${PODS_ROOT}/Manifest.lock",
			);
			name = "[CP] Check Pods Manifest.lock";
			outputFileListPaths = (
			);
			outputPaths = (
				"$(DERIVED_FILE_DIR)/Pods-PuzzleTests-checkManifestLockResult.txt",
			);
			runOnlyForDeploymentPostprocessing = 0;
			shellPath = /bin/sh;
			shellScript = "diff \"${PODS_PODFILE_DIR_PATH}/Podfile.lock\" \"${PODS_ROOT}/Manifest.lock\" > /dev/null\nif [ $? != 0 ] ; then\n    # print error to STDERR\n    echo \"error: The sandbox is not in sync with the Podfile.lock. Run 'pod install' or update your CocoaPods installation.\" >&2\n    exit 1\nfi\n# This output is used by Xcode 'outputs' to avoid re-running this script phase.\necho \"SUCCESS\" > \"${SCRIPT_OUTPUT_FILE_0}\"\n";
			showEnvVarsInLog = 0;
		};
/* End PBXShellScriptBuildPhase section */

/* Begin PBXSourcesBuildPhase section */
		7A14A0EB29AA3F9C00B16C15 /* Sources */ = {
			isa = PBXSourcesBuildPhase;
			buildActionMask = 2147483647;
			files = (
				7AC06B8329ABFBCA00ABCA2C /* BackAndLivelTime.swift in Sources */,
				7A3A1F8C29ABAFC5006FABAE /* Fonts.swift in Sources */,
				7AC06B7F29ABF33B00ABCA2C /* FailGameViewController.swift in Sources */,
				7A14A0F729AA3F9C00B16C15 /* MainViewController.swift in Sources */,
				7A4A74A429ABA19500C6BC4B /* WinViewController.swift in Sources */,
				7A14A0F329AA3F9C00B16C15 /* AppDelegate.swift in Sources */,
				7A9AE82B29AA6089000A7A3A /* LevelsPresenter.swift in Sources */,
				7A9AE82529AA5BE4000A7A3A /* PlayCellItem.swift in Sources */,
				7A9AE81F29AA501E000A7A3A /* MenuButtonsSettings.swift in Sources */,
				7A14A0F529AA3F9C00B16C15 /* SceneDelegate.swift in Sources */,
				7A9AE82F29AA69D9000A7A3A /* PlayViewController.swift in Sources */,
				7A9AE83429AA6CE3000A7A3A /* PuzzleCell.swift in Sources */,
				7A9AE82929AA5FA8000A7A3A /* LevelData.swift in Sources */,
				7A9AE82129AA54E3000A7A3A /* LevelsViewController.swift in Sources */,
				7A9AE81C29AA4355000A7A3A /* MenuViewController.swift in Sources */,
				7A4A74A029AB914100C6BC4B /* SettingsViewController.swift in Sources */,
			);
			runOnlyForDeploymentPostprocessing = 0;
		};
		7A14A10129AA3F9C00B16C15 /* Sources */ = {
			isa = PBXSourcesBuildPhase;
			buildActionMask = 2147483647;
			files = (
				7A14A10A29AA3F9C00B16C15 /* PuzzleTests.swift in Sources */,
			);
			runOnlyForDeploymentPostprocessing = 0;
		};
		7A14A10B29AA3F9C00B16C15 /* Sources */ = {
			isa = PBXSourcesBuildPhase;
			buildActionMask = 2147483647;
			files = (
				7A14A11629AA3F9C00B16C15 /* PuzzleUITestsLaunchTests.swift in Sources */,
				7A14A11429AA3F9C00B16C15 /* PuzzleUITests.swift in Sources */,
			);
			runOnlyForDeploymentPostprocessing = 0;
		};
/* End PBXSourcesBuildPhase section */

/* Begin PBXTargetDependency section */
		7A14A10729AA3F9C00B16C15 /* PBXTargetDependency */ = {
			isa = PBXTargetDependency;
			target = 7A14A0EE29AA3F9C00B16C15 /* Puzzle */;
			targetProxy = 7A14A10629AA3F9C00B16C15 /* PBXContainerItemProxy */;
		};
		7A14A11129AA3F9C00B16C15 /* PBXTargetDependency */ = {
			isa = PBXTargetDependency;
			target = 7A14A0EE29AA3F9C00B16C15 /* Puzzle */;
			targetProxy = 7A14A11029AA3F9C00B16C15 /* PBXContainerItemProxy */;
		};
/* End PBXTargetDependency section */

/* Begin PBXVariantGroup section */
		7A14A0FD29AA3F9C00B16C15 /* LaunchScreen.storyboard */ = {
			isa = PBXVariantGroup;
			children = (
				7A14A0FE29AA3F9C00B16C15 /* Base */,
			);
			name = LaunchScreen.storyboard;
			sourceTree = "<group>";
		};
/* End PBXVariantGroup section */

/* Begin XCBuildConfiguration section */
		7A14A11729AA3F9C00B16C15 /* Debug */ = {
			isa = XCBuildConfiguration;
			buildSettings = {
				ALWAYS_SEARCH_USER_PATHS = NO;
				CLANG_ANALYZER_NONNULL = YES;
				CLANG_ANALYZER_NUMBER_OBJECT_CONVERSION = YES_AGGRESSIVE;
				CLANG_CXX_LANGUAGE_STANDARD = "gnu++20";
				CLANG_ENABLE_MODULES = YES;
				CLANG_ENABLE_OBJC_ARC = YES;
				CLANG_ENABLE_OBJC_WEAK = YES;
				CLANG_WARN_BLOCK_CAPTURE_AUTORELEASING = YES;
				CLANG_WARN_BOOL_CONVERSION = YES;
				CLANG_WARN_COMMA = YES;
				CLANG_WARN_CONSTANT_CONVERSION = YES;
				CLANG_WARN_DEPRECATED_OBJC_IMPLEMENTATIONS = YES;
				CLANG_WARN_DIRECT_OBJC_ISA_USAGE = YES_ERROR;
				CLANG_WARN_DOCUMENTATION_COMMENTS = YES;
				CLANG_WARN_EMPTY_BODY = YES;
				CLANG_WARN_ENUM_CONVERSION = YES;
				CLANG_WARN_INFINITE_RECURSION = YES;
				CLANG_WARN_INT_CONVERSION = YES;
				CLANG_WARN_NON_LITERAL_NULL_CONVERSION = YES;
				CLANG_WARN_OBJC_IMPLICIT_RETAIN_SELF = YES;
				CLANG_WARN_OBJC_LITERAL_CONVERSION = YES;
				CLANG_WARN_OBJC_ROOT_CLASS = YES_ERROR;
				CLANG_WARN_QUOTED_INCLUDE_IN_FRAMEWORK_HEADER = YES;
				CLANG_WARN_RANGE_LOOP_ANALYSIS = YES;
				CLANG_WARN_STRICT_PROTOTYPES = YES;
				CLANG_WARN_SUSPICIOUS_MOVE = YES;
				CLANG_WARN_UNGUARDED_AVAILABILITY = YES_AGGRESSIVE;
				CLANG_WARN_UNREACHABLE_CODE = YES;
				CLANG_WARN__DUPLICATE_METHOD_MATCH = YES;
				COPY_PHASE_STRIP = NO;
				DEBUG_INFORMATION_FORMAT = dwarf;
				ENABLE_STRICT_OBJC_MSGSEND = YES;
				ENABLE_TESTABILITY = YES;
				GCC_C_LANGUAGE_STANDARD = gnu11;
				GCC_DYNAMIC_NO_PIC = NO;
				GCC_NO_COMMON_BLOCKS = YES;
				GCC_OPTIMIZATION_LEVEL = 0;
				GCC_PREPROCESSOR_DEFINITIONS = (
					"DEBUG=1",
					"$(inherited)",
				);
				GCC_WARN_64_TO_32_BIT_CONVERSION = YES;
				GCC_WARN_ABOUT_RETURN_TYPE = YES_ERROR;
				GCC_WARN_UNDECLARED_SELECTOR = YES;
				GCC_WARN_UNINITIALIZED_AUTOS = YES_AGGRESSIVE;
				GCC_WARN_UNUSED_FUNCTION = YES;
				GCC_WARN_UNUSED_VARIABLE = YES;
				IPHONEOS_DEPLOYMENT_TARGET = 16.2;
				MTL_ENABLE_DEBUG_INFO = INCLUDE_SOURCE;
				MTL_FAST_MATH = YES;
				ONLY_ACTIVE_ARCH = YES;
				SDKROOT = iphoneos;
				SWIFT_ACTIVE_COMPILATION_CONDITIONS = DEBUG;
				SWIFT_OPTIMIZATION_LEVEL = "-Onone";
			};
			name = Debug;
		};
		7A14A11829AA3F9C00B16C15 /* Release */ = {
			isa = XCBuildConfiguration;
			buildSettings = {
				ALWAYS_SEARCH_USER_PATHS = NO;
				CLANG_ANALYZER_NONNULL = YES;
				CLANG_ANALYZER_NUMBER_OBJECT_CONVERSION = YES_AGGRESSIVE;
				CLANG_CXX_LANGUAGE_STANDARD = "gnu++20";
				CLANG_ENABLE_MODULES = YES;
				CLANG_ENABLE_OBJC_ARC = YES;
				CLANG_ENABLE_OBJC_WEAK = YES;
				CLANG_WARN_BLOCK_CAPTURE_AUTORELEASING = YES;
				CLANG_WARN_BOOL_CONVERSION = YES;
				CLANG_WARN_COMMA = YES;
				CLANG_WARN_CONSTANT_CONVERSION = YES;
				CLANG_WARN_DEPRECATED_OBJC_IMPLEMENTATIONS = YES;
				CLANG_WARN_DIRECT_OBJC_ISA_USAGE = YES_ERROR;
				CLANG_WARN_DOCUMENTATION_COMMENTS = YES;
				CLANG_WARN_EMPTY_BODY = YES;
				CLANG_WARN_ENUM_CONVERSION = YES;
				CLANG_WARN_INFINITE_RECURSION = YES;
				CLANG_WARN_INT_CONVERSION = YES;
				CLANG_WARN_NON_LITERAL_NULL_CONVERSION = YES;
				CLANG_WARN_OBJC_IMPLICIT_RETAIN_SELF = YES;
				CLANG_WARN_OBJC_LITERAL_CONVERSION = YES;
				CLANG_WARN_OBJC_ROOT_CLASS = YES_ERROR;
				CLANG_WARN_QUOTED_INCLUDE_IN_FRAMEWORK_HEADER = YES;
				CLANG_WARN_RANGE_LOOP_ANALYSIS = YES;
				CLANG_WARN_STRICT_PROTOTYPES = YES;
				CLANG_WARN_SUSPICIOUS_MOVE = YES;
				CLANG_WARN_UNGUARDED_AVAILABILITY = YES_AGGRESSIVE;
				CLANG_WARN_UNREACHABLE_CODE = YES;
				CLANG_WARN__DUPLICATE_METHOD_MATCH = YES;
				COPY_PHASE_STRIP = NO;
				DEBUG_INFORMATION_FORMAT = "dwarf-with-dsym";
				ENABLE_NS_ASSERTIONS = NO;
				ENABLE_STRICT_OBJC_MSGSEND = YES;
				GCC_C_LANGUAGE_STANDARD = gnu11;
				GCC_NO_COMMON_BLOCKS = YES;
				GCC_WARN_64_TO_32_BIT_CONVERSION = YES;
				GCC_WARN_ABOUT_RETURN_TYPE = YES_ERROR;
				GCC_WARN_UNDECLARED_SELECTOR = YES;
				GCC_WARN_UNINITIALIZED_AUTOS = YES_AGGRESSIVE;
				GCC_WARN_UNUSED_FUNCTION = YES;
				GCC_WARN_UNUSED_VARIABLE = YES;
				IPHONEOS_DEPLOYMENT_TARGET = 16.2;
				MTL_ENABLE_DEBUG_INFO = NO;
				MTL_FAST_MATH = YES;
				SDKROOT = iphoneos;
				SWIFT_COMPILATION_MODE = wholemodule;
				SWIFT_OPTIMIZATION_LEVEL = "-O";
				VALIDATE_PRODUCT = YES;
			};
			name = Release;
		};
		7A14A11A29AA3F9C00B16C15 /* Debug */ = {
			isa = XCBuildConfiguration;
			baseConfigurationReference = 29CA11A05F3CFF548EA441FF /* Pods-Puzzle.debug.xcconfig */;
			buildSettings = {
				ASSETCATALOG_COMPILER_APPICON_NAME = AppIcon;
				ASSETCATALOG_COMPILER_GLOBAL_ACCENT_COLOR_NAME = AccentColor;
				CODE_SIGN_STYLE = Automatic;
				CURRENT_PROJECT_VERSION = 1;
				DEVELOPMENT_TEAM = 876GZYDWFS;
				GENERATE_INFOPLIST_FILE = YES;
				INFOPLIST_FILE = Puzzle/Info.plist;
				INFOPLIST_KEY_UIApplicationSupportsIndirectInputEvents = YES;
				INFOPLIST_KEY_UILaunchStoryboardName = LaunchScreen;
				INFOPLIST_KEY_UISupportedInterfaceOrientations_iPad = "UIInterfaceOrientationPortrait UIInterfaceOrientationPortraitUpsideDown UIInterfaceOrientationLandscapeLeft UIInterfaceOrientationLandscapeRight";
				INFOPLIST_KEY_UISupportedInterfaceOrientations_iPhone = "UIInterfaceOrientationPortrait UIInterfaceOrientationLandscapeLeft UIInterfaceOrientationLandscapeRight";
				LD_RUNPATH_SEARCH_PATHS = (
					"$(inherited)",
					"@executable_path/Frameworks",
				);
				MARKETING_VERSION = 1.0;
				PRODUCT_BUNDLE_IDENTIFIER = com.mahlena.Puzzle;
				PRODUCT_NAME = "$(TARGET_NAME)";
				SWIFT_EMIT_LOC_STRINGS = YES;
				SWIFT_VERSION = 5.0;
				TARGETED_DEVICE_FAMILY = "1,2";
			};
			name = Debug;
		};
		7A14A11B29AA3F9C00B16C15 /* Release */ = {
			isa = XCBuildConfiguration;
			baseConfigurationReference = 9497D0BC992F1CDAF7E835C1 /* Pods-Puzzle.release.xcconfig */;
			buildSettings = {
				ASSETCATALOG_COMPILER_APPICON_NAME = AppIcon;
				ASSETCATALOG_COMPILER_GLOBAL_ACCENT_COLOR_NAME = AccentColor;
				CODE_SIGN_STYLE = Automatic;
				CURRENT_PROJECT_VERSION = 1;
				DEVELOPMENT_TEAM = 876GZYDWFS;
				GENERATE_INFOPLIST_FILE = YES;
				INFOPLIST_FILE = Puzzle/Info.plist;
				INFOPLIST_KEY_UIApplicationSupportsIndirectInputEvents = YES;
				INFOPLIST_KEY_UILaunchStoryboardName = LaunchScreen;
				INFOPLIST_KEY_UISupportedInterfaceOrientations_iPad = "UIInterfaceOrientationPortrait UIInterfaceOrientationPortraitUpsideDown UIInterfaceOrientationLandscapeLeft UIInterfaceOrientationLandscapeRight";
				INFOPLIST_KEY_UISupportedInterfaceOrientations_iPhone = "UIInterfaceOrientationPortrait UIInterfaceOrientationLandscapeLeft UIInterfaceOrientationLandscapeRight";
				LD_RUNPATH_SEARCH_PATHS = (
					"$(inherited)",
					"@executable_path/Frameworks",
				);
				MARKETING_VERSION = 1.0;
				PRODUCT_BUNDLE_IDENTIFIER = com.mahlena.Puzzle;
				PRODUCT_NAME = "$(TARGET_NAME)";
				SWIFT_EMIT_LOC_STRINGS = YES;
				SWIFT_VERSION = 5.0;
				TARGETED_DEVICE_FAMILY = "1,2";
			};
			name = Release;
		};
		7A14A11D29AA3F9C00B16C15 /* Debug */ = {
			isa = XCBuildConfiguration;
			baseConfigurationReference = 3B44CD268BE4C43D26194646 /* Pods-PuzzleTests.debug.xcconfig */;
			buildSettings = {
				ALWAYS_EMBED_SWIFT_STANDARD_LIBRARIES = YES;
				BUNDLE_LOADER = "$(TEST_HOST)";
				CODE_SIGN_STYLE = Automatic;
				CURRENT_PROJECT_VERSION = 1;
				DEVELOPMENT_TEAM = 876GZYDWFS;
				GENERATE_INFOPLIST_FILE = YES;
				IPHONEOS_DEPLOYMENT_TARGET = 16.2;
				MARKETING_VERSION = 1.0;
				PRODUCT_BUNDLE_IDENTIFIER = com.mahlena.PuzzleTests;
				PRODUCT_NAME = "$(TARGET_NAME)";
				SWIFT_EMIT_LOC_STRINGS = NO;
				SWIFT_VERSION = 5.0;
				TARGETED_DEVICE_FAMILY = "1,2";
				TEST_HOST = "$(BUILT_PRODUCTS_DIR)/Puzzle.app/$(BUNDLE_EXECUTABLE_FOLDER_PATH)/Puzzle";
			};
			name = Debug;
		};
		7A14A11E29AA3F9C00B16C15 /* Release */ = {
			isa = XCBuildConfiguration;
			baseConfigurationReference = D12E60080BE4554DB25B5461 /* Pods-PuzzleTests.release.xcconfig */;
			buildSettings = {
				ALWAYS_EMBED_SWIFT_STANDARD_LIBRARIES = YES;
				BUNDLE_LOADER = "$(TEST_HOST)";
				CODE_SIGN_STYLE = Automatic;
				CURRENT_PROJECT_VERSION = 1;
				DEVELOPMENT_TEAM = 876GZYDWFS;
				GENERATE_INFOPLIST_FILE = YES;
				IPHONEOS_DEPLOYMENT_TARGET = 16.2;
				MARKETING_VERSION = 1.0;
				PRODUCT_BUNDLE_IDENTIFIER = com.mahlena.PuzzleTests;
				PRODUCT_NAME = "$(TARGET_NAME)";
				SWIFT_EMIT_LOC_STRINGS = NO;
				SWIFT_VERSION = 5.0;
				TARGETED_DEVICE_FAMILY = "1,2";
				TEST_HOST = "$(BUILT_PRODUCTS_DIR)/Puzzle.app/$(BUNDLE_EXECUTABLE_FOLDER_PATH)/Puzzle";
			};
			name = Release;
		};
		7A14A12029AA3F9C00B16C15 /* Debug */ = {
			isa = XCBuildConfiguration;
			baseConfigurationReference = 44C008D87BE40FD3EC6688B6 /* Pods-Puzzle-PuzzleUITests.debug.xcconfig */;
			buildSettings = {
				ALWAYS_EMBED_SWIFT_STANDARD_LIBRARIES = YES;
				CODE_SIGN_STYLE = Automatic;
				CURRENT_PROJECT_VERSION = 1;
				DEVELOPMENT_TEAM = 876GZYDWFS;
				GENERATE_INFOPLIST_FILE = YES;
				MARKETING_VERSION = 1.0;
				PRODUCT_BUNDLE_IDENTIFIER = com.mahlena.PuzzleUITests;
				PRODUCT_NAME = "$(TARGET_NAME)";
				SWIFT_EMIT_LOC_STRINGS = NO;
				SWIFT_VERSION = 5.0;
				TARGETED_DEVICE_FAMILY = "1,2";
				TEST_TARGET_NAME = Puzzle;
			};
			name = Debug;
		};
		7A14A12129AA3F9C00B16C15 /* Release */ = {
			isa = XCBuildConfiguration;
			baseConfigurationReference = C80F4E3C25D4130D5D80269C /* Pods-Puzzle-PuzzleUITests.release.xcconfig */;
			buildSettings = {
				ALWAYS_EMBED_SWIFT_STANDARD_LIBRARIES = YES;
				CODE_SIGN_STYLE = Automatic;
				CURRENT_PROJECT_VERSION = 1;
				DEVELOPMENT_TEAM = 876GZYDWFS;
				GENERATE_INFOPLIST_FILE = YES;
				MARKETING_VERSION = 1.0;
				PRODUCT_BUNDLE_IDENTIFIER = com.mahlena.PuzzleUITests;
				PRODUCT_NAME = "$(TARGET_NAME)";
				SWIFT_EMIT_LOC_STRINGS = NO;
				SWIFT_VERSION = 5.0;
				TARGETED_DEVICE_FAMILY = "1,2";
				TEST_TARGET_NAME = Puzzle;
			};
			name = Release;
		};
/* End XCBuildConfiguration section */

/* Begin XCConfigurationList section */
		7A14A0EA29AA3F9C00B16C15 /* Build configuration list for PBXProject "Puzzle" */ = {
			isa = XCConfigurationList;
			buildConfigurations = (
				7A14A11729AA3F9C00B16C15 /* Debug */,
				7A14A11829AA3F9C00B16C15 /* Release */,
			);
			defaultConfigurationIsVisible = 0;
			defaultConfigurationName = Release;
		};
		7A14A11929AA3F9C00B16C15 /* Build configuration list for PBXNativeTarget "Puzzle" */ = {
			isa = XCConfigurationList;
			buildConfigurations = (
				7A14A11A29AA3F9C00B16C15 /* Debug */,
				7A14A11B29AA3F9C00B16C15 /* Release */,
			);
			defaultConfigurationIsVisible = 0;
			defaultConfigurationName = Release;
		};
		7A14A11C29AA3F9C00B16C15 /* Build configuration list for PBXNativeTarget "PuzzleTests" */ = {
			isa = XCConfigurationList;
			buildConfigurations = (
				7A14A11D29AA3F9C00B16C15 /* Debug */,
				7A14A11E29AA3F9C00B16C15 /* Release */,
			);
			defaultConfigurationIsVisible = 0;
			defaultConfigurationName = Release;
		};
		7A14A11F29AA3F9C00B16C15 /* Build configuration list for PBXNativeTarget "PuzzleUITests" */ = {
			isa = XCConfigurationList;
			buildConfigurations = (
				7A14A12029AA3F9C00B16C15 /* Debug */,
				7A14A12129AA3F9C00B16C15 /* Release */,
			);
			defaultConfigurationIsVisible = 0;
			defaultConfigurationName = Release;
		};
/* End XCConfigurationList section */
	};
	rootObject = 7A14A0E729AA3F9C00B16C15 /* Project object */;
}
